// !$*UTF8*$!
{
	archiveVersion = 1;
	classes = {
	};
	objectVersion = 56;
	objects = {

/* Begin PBXBuildFile section */
		0F0857A62B3EA38E007CD8CE /* RemoteImage.swift in Sources */ = {isa = PBXBuildFile; fileRef = 0F0857A52B3EA38E007CD8CE /* RemoteImage.swift */; };
		0F0857B42B3EACA2007CD8CE /* AppetizerDetailView.swift in Sources */ = {isa = PBXBuildFile; fileRef = 0F0857B32B3EACA2007CD8CE /* AppetizerDetailView.swift */; };
		0F0857B72B3EB503007CD8CE /* APButton.swift in Sources */ = {isa = PBXBuildFile; fileRef = 0F0857B62B3EB503007CD8CE /* APButton.swift */; };
		0F0857B92B3EB5C8007CD8CE /* XDismissButton.swift in Sources */ = {isa = PBXBuildFile; fileRef = 0F0857B82B3EB5C8007CD8CE /* XDismissButton.swift */; };
		0F0857BB2B3ECE15007CD8CE /* AccountViewModel.swift in Sources */ = {isa = PBXBuildFile; fileRef = 0F0857BA2B3ECE15007CD8CE /* AccountViewModel.swift */; };
		0F0857BE2B3ECFD6007CD8CE /* String+Ext.swift in Sources */ = {isa = PBXBuildFile; fileRef = 0F0857BD2B3ECFD6007CD8CE /* String+Ext.swift */; };
		0F0857C02B3ED57D007CD8CE /* User.swift in Sources */ = {isa = PBXBuildFile; fileRef = 0F0857BF2B3ED57D007CD8CE /* User.swift */; };
		0F0857C32B3FEA2C007CD8CE /* EmptyState.swift in Sources */ = {isa = PBXBuildFile; fileRef = 0F0857C22B3FEA2C007CD8CE /* EmptyState.swift */; };
		0F0857C72B3FED3B007CD8CE /* Order.swift in Sources */ = {isa = PBXBuildFile; fileRef = 0F0857C62B3FED3B007CD8CE /* Order.swift */; };
		0F1F24832B3D5AE40067F28D /* AppetizersApp.swift in Sources */ = {isa = PBXBuildFile; fileRef = 0F1F24822B3D5AE40067F28D /* AppetizersApp.swift */; };
		0F1F24852B3D5AE40067F28D /* AppetizerTabView.swift in Sources */ = {isa = PBXBuildFile; fileRef = 0F1F24842B3D5AE40067F28D /* AppetizerTabView.swift */; };
		0F1F24872B3D5AE70067F28D /* Assets.xcassets in Resources */ = {isa = PBXBuildFile; fileRef = 0F1F24862B3D5AE70067F28D /* Assets.xcassets */; };
		0F1F248A2B3D5AE70067F28D /* Preview Assets.xcassets in Resources */ = {isa = PBXBuildFile; fileRef = 0F1F24892B3D5AE70067F28D /* Preview Assets.xcassets */; };
		0F1F24912B3D5CCD0067F28D /* AppetizerListView.swift in Sources */ = {isa = PBXBuildFile; fileRef = 0F1F24902B3D5CCD0067F28D /* AppetizerListView.swift */; };
		0F1F24932B3D5CD60067F28D /* AccountView.swift in Sources */ = {isa = PBXBuildFile; fileRef = 0F1F24922B3D5CD60067F28D /* AccountView.swift */; };
		0F1F24952B3D5CE00067F28D /* OrderView.swift in Sources */ = {isa = PBXBuildFile; fileRef = 0F1F24942B3D5CE00067F28D /* OrderView.swift */; };
		0F1F24972B3D661D0067F28D /* Appetizer.swift in Sources */ = {isa = PBXBuildFile; fileRef = 0F1F24962B3D661D0067F28D /* Appetizer.swift */; };
		0F1F24992B3DB7930067F28D /* AppetizerListCell.swift in Sources */ = {isa = PBXBuildFile; fileRef = 0F1F24982B3DB7930067F28D /* AppetizerListCell.swift */; };
		0F1F249B2B3DB89E0067F28D /* NetworkManager.swift in Sources */ = {isa = PBXBuildFile; fileRef = 0F1F249A2B3DB89E0067F28D /* NetworkManager.swift */; };
		0F1F249D2B3DB9E80067F28D /* APError.swift in Sources */ = {isa = PBXBuildFile; fileRef = 0F1F249C2B3DB9E70067F28D /* APError.swift */; };
		0F1F249F2B3DBFCD0067F28D /* AppetizerListViewModel.swift in Sources */ = {isa = PBXBuildFile; fileRef = 0F1F249E2B3DBFCC0067F28D /* AppetizerListViewModel.swift */; };
		0F1F24A12B3DC1470067F28D /* Alert.swift in Sources */ = {isa = PBXBuildFile; fileRef = 0F1F24A02B3DC1470067F28D /* Alert.swift */; };
		0F1F24A52B3E67880067F28D /* LoadingView.swift in Sources */ = {isa = PBXBuildFile; fileRef = 0F1F24A42B3E67880067F28D /* LoadingView.swift */; };
		0F95A7622B417A9B00E214C4 /* Date+Ext.swift in Sources */ = {isa = PBXBuildFile; fileRef = 0F95A7612B417A9B00E214C4 /* Date+Ext.swift */; };
/* End PBXBuildFile section */

/* Begin PBXFileReference section */
		0F0857A52B3EA38E007CD8CE /* RemoteImage.swift */ = {isa = PBXFileReference; lastKnownFileType = sourcecode.swift; path = RemoteImage.swift; sourceTree = "<group>"; };
		0F0857B32B3EACA2007CD8CE /* AppetizerDetailView.swift */ = {isa = PBXFileReference; lastKnownFileType = sourcecode.swift; path = AppetizerDetailView.swift; sourceTree = "<group>"; };
		0F0857B62B3EB503007CD8CE /* APButton.swift */ = {isa = PBXFileReference; lastKnownFileType = sourcecode.swift; path = APButton.swift; sourceTree = "<group>"; };
		0F0857B82B3EB5C8007CD8CE /* XDismissButton.swift */ = {isa = PBXFileReference; lastKnownFileType = sourcecode.swift; path = XDismissButton.swift; sourceTree = "<group>"; };
		0F0857BA2B3ECE15007CD8CE /* AccountViewModel.swift */ = {isa = PBXFileReference; lastKnownFileType = sourcecode.swift; path = AccountViewModel.swift; sourceTree = "<group>"; };
		0F0857BD2B3ECFD6007CD8CE /* String+Ext.swift */ = {isa = PBXFileReference; lastKnownFileType = sourcecode.swift; path = "String+Ext.swift"; sourceTree = "<group>"; };
		0F0857BF2B3ED57D007CD8CE /* User.swift */ = {isa = PBXFileReference; lastKnownFileType = sourcecode.swift; path = User.swift; sourceTree = "<group>"; };
		0F0857C22B3FEA2C007CD8CE /* EmptyState.swift */ = {isa = PBXFileReference; lastKnownFileType = sourcecode.swift; path = EmptyState.swift; sourceTree = "<group>"; };
		0F0857C62B3FED3B007CD8CE /* Order.swift */ = {isa = PBXFileReference; lastKnownFileType = sourcecode.swift; path = Order.swift; sourceTree = "<group>"; };
		0F1F247F2B3D5AE40067F28D /* Appetizers.app */ = {isa = PBXFileReference; explicitFileType = wrapper.application; includeInIndex = 0; path = Appetizers.app; sourceTree = BUILT_PRODUCTS_DIR; };
		0F1F24822B3D5AE40067F28D /* AppetizersApp.swift */ = {isa = PBXFileReference; lastKnownFileType = sourcecode.swift; path = AppetizersApp.swift; sourceTree = "<group>"; };
		0F1F24842B3D5AE40067F28D /* AppetizerTabView.swift */ = {isa = PBXFileReference; lastKnownFileType = sourcecode.swift; path = AppetizerTabView.swift; sourceTree = "<group>"; };
		0F1F24862B3D5AE70067F28D /* Assets.xcassets */ = {isa = PBXFileReference; lastKnownFileType = folder.assetcatalog; path = Assets.xcassets; sourceTree = "<group>"; };
		0F1F24892B3D5AE70067F28D /* Preview Assets.xcassets */ = {isa = PBXFileReference; lastKnownFileType = folder.assetcatalog; path = "Preview Assets.xcassets"; sourceTree = "<group>"; };
		0F1F24902B3D5CCD0067F28D /* AppetizerListView.swift */ = {isa = PBXFileReference; lastKnownFileType = sourcecode.swift; path = AppetizerListView.swift; sourceTree = "<group>"; };
		0F1F24922B3D5CD60067F28D /* AccountView.swift */ = {isa = PBXFileReference; lastKnownFileType = sourcecode.swift; path = AccountView.swift; sourceTree = "<group>"; };
		0F1F24942B3D5CE00067F28D /* OrderView.swift */ = {isa = PBXFileReference; lastKnownFileType = sourcecode.swift; path = OrderView.swift; sourceTree = "<group>"; };
		0F1F24962B3D661D0067F28D /* Appetizer.swift */ = {isa = PBXFileReference; lastKnownFileType = sourcecode.swift; path = Appetizer.swift; sourceTree = "<group>"; };
		0F1F24982B3DB7930067F28D /* AppetizerListCell.swift */ = {isa = PBXFileReference; lastKnownFileType = sourcecode.swift; path = AppetizerListCell.swift; sourceTree = "<group>"; };
		0F1F249A2B3DB89E0067F28D /* NetworkManager.swift */ = {isa = PBXFileReference; lastKnownFileType = sourcecode.swift; path = NetworkManager.swift; sourceTree = "<group>"; };
		0F1F249C2B3DB9E70067F28D /* APError.swift */ = {isa = PBXFileReference; lastKnownFileType = sourcecode.swift; path = APError.swift; sourceTree = "<group>"; };
		0F1F249E2B3DBFCC0067F28D /* AppetizerListViewModel.swift */ = {isa = PBXFileReference; lastKnownFileType = sourcecode.swift; path = AppetizerListViewModel.swift; sourceTree = "<group>"; };
		0F1F24A02B3DC1470067F28D /* Alert.swift */ = {isa = PBXFileReference; lastKnownFileType = sourcecode.swift; path = Alert.swift; sourceTree = "<group>"; };
		0F1F24A42B3E67880067F28D /* LoadingView.swift */ = {isa = PBXFileReference; lastKnownFileType = sourcecode.swift; path = LoadingView.swift; sourceTree = "<group>"; };
		0F95A7612B417A9B00E214C4 /* Date+Ext.swift */ = {isa = PBXFileReference; lastKnownFileType = sourcecode.swift; path = "Date+Ext.swift"; sourceTree = "<group>"; };
/* End PBXFileReference section */

/* Begin PBXFrameworksBuildPhase section */
		0F1F247C2B3D5AE40067F28D /* Frameworks */ = {
			isa = PBXFrameworksBuildPhase;
			buildActionMask = 2147483647;
			files = (
			);
			runOnlyForDeploymentPostprocessing = 0;
		};
/* End PBXFrameworksBuildPhase section */

/* Begin PBXGroup section */
		0F0857A72B3EA6FC007CD8CE /* Screens */ = {
			isa = PBXGroup;
			children = (
				0F1F24842B3D5AE40067F28D /* AppetizerTabView.swift */,
				0F0857AA2B3EA72C007CD8CE /* OrderView */,
				0F0857A92B3EA723007CD8CE /* AccountView */,
				0F0857A82B3EA710007CD8CE /* AppetizerListView */,
			);
			path = Screens;
			sourceTree = "<group>";
		};
		0F0857A82B3EA710007CD8CE /* AppetizerListView */ = {
			isa = PBXGroup;
			children = (
				0F1F24902B3D5CCD0067F28D /* AppetizerListView.swift */,
				0F1F249E2B3DBFCC0067F28D /* AppetizerListViewModel.swift */,
				0F0857B32B3EACA2007CD8CE /* AppetizerDetailView.swift */,
			);
			path = AppetizerListView;
			sourceTree = "<group>";
		};
		0F0857A92B3EA723007CD8CE /* AccountView */ = {
			isa = PBXGroup;
			children = (
				0F1F24922B3D5CD60067F28D /* AccountView.swift */,
				0F0857BA2B3ECE15007CD8CE /* AccountViewModel.swift */,
			);
			path = AccountView;
			sourceTree = "<group>";
		};
		0F0857AA2B3EA72C007CD8CE /* OrderView */ = {
			isa = PBXGroup;
			children = (
				0F1F24942B3D5CE00067F28D /* OrderView.swift */,
			);
			path = OrderView;
			sourceTree = "<group>";
		};
		0F0857AB2B3EA74F007CD8CE /* Utilities */ = {
			isa = PBXGroup;
			children = (
				0F0857BC2B3ECFBD007CD8CE /* Extensions */,
				0F0857AD2B3EA776007CD8CE /* Alerts */,
				0F0857AC2B3EA759007CD8CE /* Managers */,
			);
			path = Utilities;
			sourceTree = "<group>";
		};
		0F0857AC2B3EA759007CD8CE /* Managers */ = {
			isa = PBXGroup;
			children = (
				0F1F249A2B3DB89E0067F28D /* NetworkManager.swift */,
			);
			path = Managers;
			sourceTree = "<group>";
		};
		0F0857AD2B3EA776007CD8CE /* Alerts */ = {
			isa = PBXGroup;
			children = (
				0F1F249C2B3DB9E70067F28D /* APError.swift */,
				0F1F24A02B3DC1470067F28D /* Alert.swift */,
			);
			path = Alerts;
			sourceTree = "<group>";
		};
		0F0857AE2B3EA7A3007CD8CE /* Model */ = {
			isa = PBXGroup;
			children = (
				0F1F24962B3D661D0067F28D /* Appetizer.swift */,
				0F0857BF2B3ED57D007CD8CE /* User.swift */,
				0F0857C62B3FED3B007CD8CE /* Order.swift */,
			);
			path = Model;
			sourceTree = "<group>";
		};
		0F0857AF2B3EA7BE007CD8CE /* Views */ = {
			isa = PBXGroup;
			children = (
				0F0857C12B3FEA0D007CD8CE /* Empty  States */,
				0F0857B52B3EB4DC007CD8CE /* Buttons */,
				0F0857B22B3EA804007CD8CE /* Image */,
				0F0857B12B3EA7DA007CD8CE /* Cells */,
				0F0857B02B3EA7CF007CD8CE /* UIKit Components */,
			);
			path = Views;
			sourceTree = "<group>";
		};
		0F0857B02B3EA7CF007CD8CE /* UIKit Components */ = {
			isa = PBXGroup;
			children = (
				0F1F24A42B3E67880067F28D /* LoadingView.swift */,
			);
			path = "UIKit Components";
			sourceTree = "<group>";
		};
		0F0857B12B3EA7DA007CD8CE /* Cells */ = {
			isa = PBXGroup;
			children = (
				0F1F24982B3DB7930067F28D /* AppetizerListCell.swift */,
			);
			path = Cells;
			sourceTree = "<group>";
		};
		0F0857B22B3EA804007CD8CE /* Image */ = {
			isa = PBXGroup;
			children = (
				0F0857A52B3EA38E007CD8CE /* RemoteImage.swift */,
			);
			path = Image;
			sourceTree = "<group>";
		};
		0F0857B52B3EB4DC007CD8CE /* Buttons */ = {
			isa = PBXGroup;
			children = (
				0F0857B62B3EB503007CD8CE /* APButton.swift */,
				0F0857B82B3EB5C8007CD8CE /* XDismissButton.swift */,
			);
			path = Buttons;
			sourceTree = "<group>";
		};
		0F0857BC2B3ECFBD007CD8CE /* Extensions */ = {
			isa = PBXGroup;
			children = (
				0F0857BD2B3ECFD6007CD8CE /* String+Ext.swift */,
				0F95A7612B417A9B00E214C4 /* Date+Ext.swift */,
			);
			path = Extensions;
			sourceTree = "<group>";
		};
		0F0857C12B3FEA0D007CD8CE /* Empty  States */ = {
			isa = PBXGroup;
			children = (
				0F0857C22B3FEA2C007CD8CE /* EmptyState.swift */,
			);
			path = "Empty  States";
			sourceTree = "<group>";
		};
		0F1F24762B3D5AE40067F28D = {
			isa = PBXGroup;
			children = (
				0F1F24812B3D5AE40067F28D /* Appetizers */,
				0F1F24802B3D5AE40067F28D /* Products */,
			);
			sourceTree = "<group>";
		};
		0F1F24802B3D5AE40067F28D /* Products */ = {
			isa = PBXGroup;
			children = (
				0F1F247F2B3D5AE40067F28D /* Appetizers.app */,
			);
			name = Products;
			sourceTree = "<group>";
		};
		0F1F24812B3D5AE40067F28D /* Appetizers */ = {
			isa = PBXGroup;
			children = (
				0F0857AF2B3EA7BE007CD8CE /* Views */,
				0F0857AE2B3EA7A3007CD8CE /* Model */,
				0F0857AB2B3EA74F007CD8CE /* Utilities */,
				0F0857A72B3EA6FC007CD8CE /* Screens */,
				0F1F24822B3D5AE40067F28D /* AppetizersApp.swift */,
				0F1F24862B3D5AE70067F28D /* Assets.xcassets */,
				0F1F24882B3D5AE70067F28D /* Preview Content */,
			);
			path = Appetizers;
			sourceTree = "<group>";
		};
		0F1F24882B3D5AE70067F28D /* Preview Content */ = {
			isa = PBXGroup;
			children = (
				0F1F24892B3D5AE70067F28D /* Preview Assets.xcassets */,
			);
			path = "Preview Content";
			sourceTree = "<group>";
		};
/* End PBXGroup section */

/* Begin PBXNativeTarget section */
		0F1F247E2B3D5AE40067F28D /* Appetizers */ = {
			isa = PBXNativeTarget;
			buildConfigurationList = 0F1F248D2B3D5AE70067F28D /* Build configuration list for PBXNativeTarget "Appetizers" */;
			buildPhases = (
				0F1F247B2B3D5AE40067F28D /* Sources */,
				0F1F247C2B3D5AE40067F28D /* Frameworks */,
				0F1F247D2B3D5AE40067F28D /* Resources */,
			);
			buildRules = (
			);
			dependencies = (
			);
			name = Appetizers;
			productName = Appetizers;
			productReference = 0F1F247F2B3D5AE40067F28D /* Appetizers.app */;
			productType = "com.apple.product-type.application";
		};
/* End PBXNativeTarget section */

/* Begin PBXProject section */
		0F1F24772B3D5AE40067F28D /* Project object */ = {
			isa = PBXProject;
			attributes = {
				BuildIndependentTargetsInParallel = 1;
				LastSwiftUpdateCheck = 1500;
				LastUpgradeCheck = 1500;
				TargetAttributes = {
					0F1F247E2B3D5AE40067F28D = {
						CreatedOnToolsVersion = 15.0.1;
					};
				};
			};
			buildConfigurationList = 0F1F247A2B3D5AE40067F28D /* Build configuration list for PBXProject "Appetizers" */;
			compatibilityVersion = "Xcode 14.0";
			developmentRegion = en;
			hasScannedForEncodings = 0;
			knownRegions = (
				en,
				Base,
			);
			mainGroup = 0F1F24762B3D5AE40067F28D;
			productRefGroup = 0F1F24802B3D5AE40067F28D /* Products */;
			projectDirPath = "";
			projectRoot = "";
			targets = (
				0F1F247E2B3D5AE40067F28D /* Appetizers */,
			);
		};
/* End PBXProject section */

/* Begin PBXResourcesBuildPhase section */
		0F1F247D2B3D5AE40067F28D /* Resources */ = {
			isa = PBXResourcesBuildPhase;
			buildActionMask = 2147483647;
			files = (
				0F1F248A2B3D5AE70067F28D /* Preview Assets.xcassets in Resources */,
				0F1F24872B3D5AE70067F28D /* Assets.xcassets in Resources */,
			);
			runOnlyForDeploymentPostprocessing = 0;
		};
/* End PBXResourcesBuildPhase section */

/* Begin PBXSourcesBuildPhase section */
		0F1F247B2B3D5AE40067F28D /* Sources */ = {
			isa = PBXSourcesBuildPhase;
			buildActionMask = 2147483647;
			files = (
				0F0857BE2B3ECFD6007CD8CE /* String+Ext.swift in Sources */,
				0F1F24972B3D661D0067F28D /* Appetizer.swift in Sources */,
				0F1F249D2B3DB9E80067F28D /* APError.swift in Sources */,
				0F1F24992B3DB7930067F28D /* AppetizerListCell.swift in Sources */,
				0F0857C72B3FED3B007CD8CE /* Order.swift in Sources */,
				0F0857B72B3EB503007CD8CE /* APButton.swift in Sources */,
				0F1F249F2B3DBFCD0067F28D /* AppetizerListViewModel.swift in Sources */,
				0F1F24932B3D5CD60067F28D /* AccountView.swift in Sources */,
				0F0857C32B3FEA2C007CD8CE /* EmptyState.swift in Sources */,
				0F1F24A52B3E67880067F28D /* LoadingView.swift in Sources */,
				0F0857A62B3EA38E007CD8CE /* RemoteImage.swift in Sources */,
				0F1F24852B3D5AE40067F28D /* AppetizerTabView.swift in Sources */,
				0F0857B42B3EACA2007CD8CE /* AppetizerDetailView.swift in Sources */,
				0F1F249B2B3DB89E0067F28D /* NetworkManager.swift in Sources */,
				0F1F24832B3D5AE40067F28D /* AppetizersApp.swift in Sources */,
				0F1F24A12B3DC1470067F28D /* Alert.swift in Sources */,
				0F1F24912B3D5CCD0067F28D /* AppetizerListView.swift in Sources */,
				0F95A7622B417A9B00E214C4 /* Date+Ext.swift in Sources */,
				0F1F24952B3D5CE00067F28D /* OrderView.swift in Sources */,
				0F0857BB2B3ECE15007CD8CE /* AccountViewModel.swift in Sources */,
				0F0857B92B3EB5C8007CD8CE /* XDismissButton.swift in Sources */,
				0F0857C02B3ED57D007CD8CE /* User.swift in Sources */,
			);
			runOnlyForDeploymentPostprocessing = 0;
		};
/* End PBXSourcesBuildPhase section */

/* Begin XCBuildConfiguration section */
		0F1F248B2B3D5AE70067F28D /* Debug */ = {
			isa = XCBuildConfiguration;
			buildSettings = {
				ALWAYS_SEARCH_USER_PATHS = NO;
				ASSETCATALOG_COMPILER_GENERATE_SWIFT_ASSET_SYMBOL_EXTENSIONS = YES;
				CLANG_ANALYZER_NONNULL = YES;
				CLANG_ANALYZER_NUMBER_OBJECT_CONVERSION = YES_AGGRESSIVE;
				CLANG_CXX_LANGUAGE_STANDARD = "gnu++20";
				CLANG_ENABLE_MODULES = YES;
				CLANG_ENABLE_OBJC_ARC = YES;
				CLANG_ENABLE_OBJC_WEAK = YES;
				CLANG_WARN_BLOCK_CAPTURE_AUTORELEASING = YES;
				CLANG_WARN_BOOL_CONVERSION = YES;
				CLANG_WARN_COMMA = YES;
				CLANG_WARN_CONSTANT_CONVERSION = YES;
				CLANG_WARN_DEPRECATED_OBJC_IMPLEMENTATIONS = YES;
				CLANG_WARN_DIRECT_OBJC_ISA_USAGE = YES_ERROR;
				CLANG_WARN_DOCUMENTATION_COMMENTS = YES;
				CLANG_WARN_EMPTY_BODY = YES;
				CLANG_WARN_ENUM_CONVERSION = YES;
				CLANG_WARN_INFINITE_RECURSION = YES;
				CLANG_WARN_INT_CONVERSION = YES;
				CLANG_WARN_NON_LITERAL_NULL_CONVERSION = YES;
				CLANG_WARN_OBJC_IMPLICIT_RETAIN_SELF = YES;
				CLANG_WARN_OBJC_LITERAL_CONVERSION = YES;
				CLANG_WARN_OBJC_ROOT_CLASS = YES_ERROR;
				CLANG_WARN_QUOTED_INCLUDE_IN_FRAMEWORK_HEADER = YES;
				CLANG_WARN_RANGE_LOOP_ANALYSIS = YES;
				CLANG_WARN_STRICT_PROTOTYPES = YES;
				CLANG_WARN_SUSPICIOUS_MOVE = YES;
				CLANG_WARN_UNGUARDED_AVAILABILITY = YES_AGGRESSIVE;
				CLANG_WARN_UNREACHABLE_CODE = YES;
				CLANG_WARN__DUPLICATE_METHOD_MATCH = YES;
				COPY_PHASE_STRIP = NO;
				DEBUG_INFORMATION_FORMAT = dwarf;
				ENABLE_STRICT_OBJC_MSGSEND = YES;
				ENABLE_TESTABILITY = YES;
				ENABLE_USER_SCRIPT_SANDBOXING = YES;
				GCC_C_LANGUAGE_STANDARD = gnu17;
				GCC_DYNAMIC_NO_PIC = NO;
				GCC_NO_COMMON_BLOCKS = YES;
				GCC_OPTIMIZATION_LEVEL = 0;
				GCC_PREPROCESSOR_DEFINITIONS = (
					"DEBUG=1",
					"$(inherited)",
				);
				GCC_WARN_64_TO_32_BIT_CONVERSION = YES;
				GCC_WARN_ABOUT_RETURN_TYPE = YES_ERROR;
				GCC_WARN_UNDECLARED_SELECTOR = YES;
				GCC_WARN_UNINITIALIZED_AUTOS = YES_AGGRESSIVE;
				GCC_WARN_UNUSED_FUNCTION = YES;
				GCC_WARN_UNUSED_VARIABLE = YES;
				IPHONEOS_DEPLOYMENT_TARGET = 17.0;
				LOCALIZATION_PREFERS_STRING_CATALOGS = YES;
				MTL_ENABLE_DEBUG_INFO = INCLUDE_SOURCE;
				MTL_FAST_MATH = YES;
				ONLY_ACTIVE_ARCH = YES;
				SDKROOT = iphoneos;
				SWIFT_ACTIVE_COMPILATION_CONDITIONS = "DEBUG $(inherited)";
				SWIFT_OPTIMIZATION_LEVEL = "-Onone";
			};
			name = Debug;
		};
		0F1F248C2B3D5AE70067F28D /* Release */ = {
			isa = XCBuildConfiguration;
			buildSettings = {
				ALWAYS_SEARCH_USER_PATHS = NO;
				ASSETCATALOG_COMPILER_GENERATE_SWIFT_ASSET_SYMBOL_EXTENSIONS = YES;
				CLANG_ANALYZER_NONNULL = YES;
				CLANG_ANALYZER_NUMBER_OBJECT_CONVERSION = YES_AGGRESSIVE;
				CLANG_CXX_LANGUAGE_STANDARD = "gnu++20";
				CLANG_ENABLE_MODULES = YES;
				CLANG_ENABLE_OBJC_ARC = YES;
				CLANG_ENABLE_OBJC_WEAK = YES;
				CLANG_WARN_BLOCK_CAPTURE_AUTORELEASING = YES;
				CLANG_WARN_BOOL_CONVERSION = YES;
				CLANG_WARN_COMMA = YES;
				CLANG_WARN_CONSTANT_CONVERSION = YES;
				CLANG_WARN_DEPRECATED_OBJC_IMPLEMENTATIONS = YES;
				CLANG_WARN_DIRECT_OBJC_ISA_USAGE = YES_ERROR;
				CLANG_WARN_DOCUMENTATION_COMMENTS = YES;
				CLANG_WARN_EMPTY_BODY = YES;
				CLANG_WARN_ENUM_CONVERSION = YES;
				CLANG_WARN_INFINITE_RECURSION = YES;
				CLANG_WARN_INT_CONVERSION = YES;
				CLANG_WARN_NON_LITERAL_NULL_CONVERSION = YES;
				CLANG_WARN_OBJC_IMPLICIT_RETAIN_SELF = YES;
				CLANG_WARN_OBJC_LITERAL_CONVERSION = YES;
				CLANG_WARN_OBJC_ROOT_CLASS = YES_ERROR;
				CLANG_WARN_QUOTED_INCLUDE_IN_FRAMEWORK_HEADER = YES;
				CLANG_WARN_RANGE_LOOP_ANALYSIS = YES;
				CLANG_WARN_STRICT_PROTOTYPES = YES;
				CLANG_WARN_SUSPICIOUS_MOVE = YES;
				CLANG_WARN_UNGUARDED_AVAILABILITY = YES_AGGRESSIVE;
				CLANG_WARN_UNREACHABLE_CODE = YES;
				CLANG_WARN__DUPLICATE_METHOD_MATCH = YES;
				COPY_PHASE_STRIP = NO;
				DEBUG_INFORMATION_FORMAT = "dwarf-with-dsym";
				ENABLE_NS_ASSERTIONS = NO;
				ENABLE_STRICT_OBJC_MSGSEND = YES;
				ENABLE_USER_SCRIPT_SANDBOXING = YES;
				GCC_C_LANGUAGE_STANDARD = gnu17;
				GCC_NO_COMMON_BLOCKS = YES;
				GCC_WARN_64_TO_32_BIT_CONVERSION = YES;
				GCC_WARN_ABOUT_RETURN_TYPE = YES_ERROR;
				GCC_WARN_UNDECLARED_SELECTOR = YES;
				GCC_WARN_UNINITIALIZED_AUTOS = YES_AGGRESSIVE;
				GCC_WARN_UNUSED_FUNCTION = YES;
				GCC_WARN_UNUSED_VARIABLE = YES;
				IPHONEOS_DEPLOYMENT_TARGET = 17.0;
				LOCALIZATION_PREFERS_STRING_CATALOGS = YES;
				MTL_ENABLE_DEBUG_INFO = NO;
				MTL_FAST_MATH = YES;
				SDKROOT = iphoneos;
				SWIFT_COMPILATION_MODE = wholemodule;
				VALIDATE_PRODUCT = YES;
			};
			name = Release;
		};
		0F1F248E2B3D5AE70067F28D /* Debug */ = {
			isa = XCBuildConfiguration;
			buildSettings = {
				ASSETCATALOG_COMPILER_APPICON_NAME = AppIcon;
				ASSETCATALOG_COMPILER_GLOBAL_ACCENT_COLOR_NAME = AccentColor;
				CODE_SIGN_STYLE = Automatic;
				CURRENT_PROJECT_VERSION = 1;
				DEVELOPMENT_ASSET_PATHS = "\"Appetizers/Preview Content\"";
				DEVELOPMENT_TEAM = RGRK4BWFFK;
				ENABLE_PREVIEWS = YES;
				GENERATE_INFOPLIST_FILE = YES;
				INFOPLIST_KEY_UIApplicationSceneManifest_Generation = YES;
				INFOPLIST_KEY_UIApplicationSupportsIndirectInputEvents = YES;
				INFOPLIST_KEY_UILaunchScreen_Generation = YES;
				INFOPLIST_KEY_UISupportedInterfaceOrientations_iPad = "UIInterfaceOrientationPortrait UIInterfaceOrientationPortraitUpsideDown UIInterfaceOrientationLandscapeLeft UIInterfaceOrientationLandscapeRight";
				INFOPLIST_KEY_UISupportedInterfaceOrientations_iPhone = "UIInterfaceOrientationPortrait UIInterfaceOrientationLandscapeLeft UIInterfaceOrientationLandscapeRight";
				LD_RUNPATH_SEARCH_PATHS = (
					"$(inherited)",
					"@executable_path/Frameworks",
				);
				MARKETING_VERSION = 1.0;
				PRODUCT_BUNDLE_IDENTIFIER = com.herisusanto.Appetizers;
				PRODUCT_NAME = "$(TARGET_NAME)";
				SWIFT_EMIT_LOC_STRINGS = YES;
				SWIFT_VERSION = 5.0;
				TARGETED_DEVICE_FAMILY = "1,2";
			};
			name = Debug;
		};
		0F1F248F2B3D5AE70067F28D /* Release */ = {
			isa = XCBuildConfiguration;
			buildSettings = {
				ASSETCATALOG_COMPILER_APPICON_NAME = AppIcon;
				ASSETCATALOG_COMPILER_GLOBAL_ACCENT_COLOR_NAME = AccentColor;
				CODE_SIGN_STYLE = Automatic;
				CURRENT_PROJECT_VERSION = 1;
				DEVELOPMENT_ASSET_PATHS = "\"Appetizers/Preview Content\"";
				DEVELOPMENT_TEAM = RGRK4BWFFK;
				ENABLE_PREVIEWS = YES;
				GENERATE_INFOPLIST_FILE = YES;
				INFOPLIST_KEY_UIApplicationSceneManifest_Generation = YES;
				INFOPLIST_KEY_UIApplicationSupportsIndirectInputEvents = YES;
				INFOPLIST_KEY_UILaunchScreen_Generation = YES;
				INFOPLIST_KEY_UISupportedInterfaceOrientations_iPad = "UIInterfaceOrientationPortrait UIInterfaceOrientationPortraitUpsideDown UIInterfaceOrientationLandscapeLeft UIInterfaceOrientationLandscapeRight";
				INFOPLIST_KEY_UISupportedInterfaceOrientations_iPhone = "UIInterfaceOrientationPortrait UIInterfaceOrientationLandscapeLeft UIInterfaceOrientationLandscapeRight";
				LD_RUNPATH_SEARCH_PATHS = (
					"$(inherited)",
					"@executable_path/Frameworks",
				);
				MARKETING_VERSION = 1.0;
				PRODUCT_BUNDLE_IDENTIFIER = com.herisusanto.Appetizers;
				PRODUCT_NAME = "$(TARGET_NAME)";
				SWIFT_EMIT_LOC_STRINGS = YES;
				SWIFT_VERSION = 5.0;
				TARGETED_DEVICE_FAMILY = "1,2";
			};
			name = Release;
		};
/* End XCBuildConfiguration section */

/* Begin XCConfigurationList section */
		0F1F247A2B3D5AE40067F28D /* Build configuration list for PBXProject "Appetizers" */ = {
			isa = XCConfigurationList;
			buildConfigurations = (
				0F1F248B2B3D5AE70067F28D /* Debug */,
				0F1F248C2B3D5AE70067F28D /* Release */,
			);
			defaultConfigurationIsVisible = 0;
			defaultConfigurationName = Release;
		};
		0F1F248D2B3D5AE70067F28D /* Build configuration list for PBXNativeTarget "Appetizers" */ = {
			isa = XCConfigurationList;
			buildConfigurations = (
				0F1F248E2B3D5AE70067F28D /* Debug */,
				0F1F248F2B3D5AE70067F28D /* Release */,
			);
			defaultConfigurationIsVisible = 0;
			defaultConfigurationName = Release;
		};
/* End XCConfigurationList section */
	};
	rootObject = 0F1F24772B3D5AE40067F28D /* Project object */;
}
